{
  "name": "wedease-frontend",
  "version": "1.0.0",
  "lockfileVersion": 3,
  "requires": true,
  "packages": {
    "": {
      "name": "wedease-frontend",
      "version": "1.0.0",
      "description": "WedEase frontend - HTML5, CSS3, and vanilla JavaScript wedding planning client",
      "license": "ISC",
      "private": true
    }
  }
}
